
Microsoft Visual Studio Solution File, Format Version 12.00
# Visual Studio Version 17
VisualStudioVersion = 17.13.35931.197 d17.13
MinimumVisualStudioVersion = 10.0.40219.1
Project("{FAE04EC0-301F-11D3-BF4B-00C04F79EFBC}") = "BibliotecaApp", "BibliotecaApp\BibliotecaApp.csproj", "{F6C45BF5-22AF-4B55-BD93-2ACA1D864368}"
EndProject
Global
	GlobalSection(SolutionConfigurationPlatforms) = preSolution
		Debug|Any CPU = Debug|Any CPU
		Release|Any CPU = Release|Any CPU
	EndGlobalSection
	GlobalSection(ProjectConfigurationPlatforms) = postSolution
		{F6C45BF5-22AF-4B55-BD93-2ACA1D864368}.Debug|Any CPU.ActiveCfg = Debug|Any CPU
		{F6C45BF5-22AF-4B55-BD93-2ACA1D864368}.Debug|Any CPU.Build.0 = Debug|Any CPU
		{F6C45BF5-22AF-4B55-BD93-2ACA1D864368}.Release|Any CPU.ActiveCfg = Release|Any CPU
		{F6C45BF5-22AF-4B55-BD93-2ACA1D864368}.Release|Any CPU.Build.0 = Release|Any CPU
	EndGlobalSection
	GlobalSection(SolutionProperties) = preSolution
		HideSolutionNode = FALSE
	EndGlobalSection
	GlobalSection(ExtensibilityGlobals) = postSolution
		SolutionGuid = {3CE40D9A-C232-4CFF-9BD9-3EB35710D1A1}
	EndGlobalSection
EndGlobal
